
Microsoft Visual Studio Solution File, Format Version 12.00
# Visual Studio Version 16
VisualStudioVersion = 16.0.35229.62
MinimumVisualStudioVersion = 10.0.40219.1
Project("{FAE04EC0-301F-11D3-BF4B-00C04F79EFBC}") = "Buzina", "Buzina\Buzina.csproj", "{0B9BDF2C-D8FC-47C6-AA00-52D80401436D}"
EndProject
Project("{FAE04EC0-301F-11D3-BF4B-00C04F79EFBC}") = "BuzinaTest", "Buzina\BuzinaTest\BuzinaTest.csproj", "{2C4F8576-6CD9-4313-B8B5-7D50888BE87B}"
EndProject
Global
	GlobalSection(SolutionConfigurationPlatforms) = preSolution
		Debug|Any CPU = Debug|Any CPU
		Release|Any CPU = Release|Any CPU
	EndGlobalSection
	GlobalSection(ProjectConfigurationPlatforms) = postSolution
		{0B9BDF2C-D8FC-47C6-AA00-52D80401436D}.Debug|Any CPU.ActiveCfg = Debug|Any CPU
		{0B9BDF2C-D8FC-47C6-AA00-52D80401436D}.Debug|Any CPU.Build.0 = Debug|Any CPU
		{0B9BDF2C-D8FC-47C6-AA00-52D80401436D}.Release|Any CPU.ActiveCfg = Release|Any CPU
		{0B9BDF2C-D8FC-47C6-AA00-52D80401436D}.Release|Any CPU.Build.0 = Release|Any CPU
		{2C4F8576-6CD9-4313-B8B5-7D50888BE87B}.Debug|Any CPU.ActiveCfg = Debug|Any CPU
		{2C4F8576-6CD9-4313-B8B5-7D50888BE87B}.Debug|Any CPU.Build.0 = Debug|Any CPU
		{2C4F8576-6CD9-4313-B8B5-7D50888BE87B}.Release|Any CPU.ActiveCfg = Release|Any CPU
		{2C4F8576-6CD9-4313-B8B5-7D50888BE87B}.Release|Any CPU.Build.0 = Release|Any CPU
	EndGlobalSection
	GlobalSection(SolutionProperties) = preSolution
		HideSolutionNode = FALSE
	EndGlobalSection
	GlobalSection(ExtensibilityGlobals) = postSolution
		SolutionGuid = {45785A26-43B4-4001-B405-500E1568D470}
	EndGlobalSection
EndGlobal
